
Microsoft Visual Studio Solution File, Format Version 12.00
# Visual Studio 15
VisualStudioVersion = 15.0.27703.2042
MinimumVisualStudioVersion = 10.0.40219.1
Project("{FAE04EC0-301F-11D3-BF4B-00C04F79EFBC}") = "EbookApp.Android", "EbookApp\EbookApp.Android\EbookApp.Android.csproj", "{C9372F64-070F-424D-853D-27B7014B8D64}"
EndProject
Project("{9A19103F-16F7-4668-BE54-9A1E7A4F7556}") = "EbookApp", "EbookApp\EbookApp\EbookApp.csproj", "{376712D3-3978-4BEA-A585-FA0096738292}"
EndProject
Global
	GlobalSection(SolutionConfigurationPlatforms) = preSolution
		Debug|Any CPU = Debug|Any CPU
		Release|Any CPU = Release|Any CPU
	EndGlobalSection
	GlobalSection(ProjectConfigurationPlatforms) = postSolution
		{C9372F64-070F-424D-853D-27B7014B8D64}.Debug|Any CPU.ActiveCfg = Debug|Any CPU
		{C9372F64-070F-424D-853D-27B7014B8D64}.Debug|Any CPU.Build.0 = Debug|Any CPU
		{C9372F64-070F-424D-853D-27B7014B8D64}.Debug|Any CPU.Deploy.0 = Debug|Any CPU
		{C9372F64-070F-424D-853D-27B7014B8D64}.Release|Any CPU.ActiveCfg = Release|Any CPU
		{C9372F64-070F-424D-853D-27B7014B8D64}.Release|Any CPU.Build.0 = Release|Any CPU
		{C9372F64-070F-424D-853D-27B7014B8D64}.Release|Any CPU.Deploy.0 = Release|Any CPU
		{376712D3-3978-4BEA-A585-FA0096738292}.Debug|Any CPU.ActiveCfg = Debug|Any CPU
		{376712D3-3978-4BEA-A585-FA0096738292}.Debug|Any CPU.Build.0 = Debug|Any CPU
		{376712D3-3978-4BEA-A585-FA0096738292}.Debug|Any CPU.Deploy.0 = Debug|Any CPU
		{376712D3-3978-4BEA-A585-FA0096738292}.Release|Any CPU.ActiveCfg = Release|Any CPU
		{376712D3-3978-4BEA-A585-FA0096738292}.Release|Any CPU.Build.0 = Release|Any CPU
		{376712D3-3978-4BEA-A585-FA0096738292}.Release|Any CPU.Deploy.0 = Release|Any CPU
	EndGlobalSection
	GlobalSection(SolutionProperties) = preSolution
		HideSolutionNode = FALSE
	EndGlobalSection
	GlobalSection(ExtensibilityGlobals) = postSolution
		SolutionGuid = {ADF28610-3E2A-4E64-B756-4E7E19C8C893}
	EndGlobalSection
EndGlobal
